
Microsoft Visual Studio Solution File, Format Version 12.00
# Visual Studio Version 16
VisualStudioVersion = 16.0.31129.286
MinimumVisualStudioVersion = 10.0.40219.1
Project("{FAE04EC0-301F-11D3-BF4B-00C04F79EFBC}") = "AsyncInn", "AsyncInn.csproj", "{8D47C454-AE24-4C08-9E35-4780C4FDBCBD}"
EndProject
Global
	GlobalSection(SolutionConfigurationPlatforms) = preSolution
		Debug|Any CPU = Debug|Any CPU
		Release|Any CPU = Release|Any CPU
	EndGlobalSection
	GlobalSection(ProjectConfigurationPlatforms) = postSolution
		{8D47C454-AE24-4C08-9E35-4780C4FDBCBD}.Debug|Any CPU.ActiveCfg = Debug|Any CPU
		{8D47C454-AE24-4C08-9E35-4780C4FDBCBD}.Debug|Any CPU.Build.0 = Debug|Any CPU
		{8D47C454-AE24-4C08-9E35-4780C4FDBCBD}.Release|Any CPU.ActiveCfg = Release|Any CPU
		{8D47C454-AE24-4C08-9E35-4780C4FDBCBD}.Release|Any CPU.Build.0 = Release|Any CPU
	EndGlobalSection
	GlobalSection(SolutionProperties) = preSolution
		HideSolutionNode = FALSE
	EndGlobalSection
	GlobalSection(ExtensibilityGlobals) = postSolution
		SolutionGuid = {C9BC9A08-DE1B-450E-A256-A75CCF480602}
	EndGlobalSection
EndGlobal
